
Microsoft Visual Studio Solution File, Format Version 12.00
# Visual Studio Version 16
VisualStudioVersion = 16.0.32602.291
MinimumVisualStudioVersion = 10.0.40219.1
Project("{FAE04EC0-301F-11D3-BF4B-00C04F79EFBC}") = "ServerTool", "ServerTool.csproj", "{21153E15-C165-4467-8A48-55E01BDAEE93}"
EndProject
Global
	GlobalSection(SolutionConfigurationPlatforms) = preSolution
		Debug|Any CPU = Debug|Any CPU
		Release|Any CPU = Release|Any CPU
	EndGlobalSection
	GlobalSection(ProjectConfigurationPlatforms) = postSolution
		{21153E15-C165-4467-8A48-55E01BDAEE93}.Debug|Any CPU.ActiveCfg = Debug|Any CPU
		{21153E15-C165-4467-8A48-55E01BDAEE93}.Debug|Any CPU.Build.0 = Debug|Any CPU
		{21153E15-C165-4467-8A48-55E01BDAEE93}.Release|Any CPU.ActiveCfg = Release|Any CPU
		{21153E15-C165-4467-8A48-55E01BDAEE93}.Release|Any CPU.Build.0 = Release|Any CPU
	EndGlobalSection
	GlobalSection(SolutionProperties) = preSolution
		HideSolutionNode = FALSE
	EndGlobalSection
	GlobalSection(ExtensibilityGlobals) = postSolution
		SolutionGuid = {A4D6B1ED-90E4-4291-AC76-CE58E7BB6C19}
	EndGlobalSection
EndGlobal
